// !$*UTF8*$!
{
	archiveVersion = 1;
	classes = {
	};
	objectVersion = 46;
	objects = {

/* Begin PBXBuildFile section */
		8B0BBC451E38DFF800EA8386 /* PreMatchController.swift in Sources */ = {isa = PBXBuildFile; fileRef = 8B0BBC441E38DFF800EA8386 /* PreMatchController.swift */; };
		8B0BBC471E38E04C00EA8386 /* AboutScreenController.swift in Sources */ = {isa = PBXBuildFile; fileRef = 8B0BBC461E38E04C00EA8386 /* AboutScreenController.swift */; };
		8B0BBC491E38E07800EA8386 /* LiveMatchController.swift in Sources */ = {isa = PBXBuildFile; fileRef = 8B0BBC481E38E07800EA8386 /* LiveMatchController.swift */; };
		8B0BBC4B1E38E0A500EA8386 /* MatchStatisticsController.swift in Sources */ = {isa = PBXBuildFile; fileRef = 8B0BBC4A1E38E0A400EA8386 /* MatchStatisticsController.swift */; };
		8B0BBC4D1E38E0DA00EA8386 /* MatchHelpController.swift in Sources */ = {isa = PBXBuildFile; fileRef = 8B0BBC4C1E38E0DA00EA8386 /* MatchHelpController.swift */; };
		8B37022C1E3615C200F5E374 /* AppDelegate.swift in Sources */ = {isa = PBXBuildFile; fileRef = 8B37022B1E3615C200F5E374 /* AppDelegate.swift */; };
		8B37022E1E3615C200F5E374 /* HomeScreenController.swift in Sources */ = {isa = PBXBuildFile; fileRef = 8B37022D1E3615C200F5E374 /* HomeScreenController.swift */; };
		8B3702311E3615C200F5E374 /* Main.storyboard in Resources */ = {isa = PBXBuildFile; fileRef = 8B37022F1E3615C200F5E374 /* Main.storyboard */; };
		8B3702331E3615C200F5E374 /* Assets.xcassets in Resources */ = {isa = PBXBuildFile; fileRef = 8B3702321E3615C200F5E374 /* Assets.xcassets */; };
		8B3702361E3615C200F5E374 /* LaunchScreen.storyboard in Resources */ = {isa = PBXBuildFile; fileRef = 8B3702341E3615C200F5E374 /* LaunchScreen.storyboard */; };
		8B3702411E3615C200F5E374 /* MatchSettingsTests.swift in Sources */ = {isa = PBXBuildFile; fileRef = 8B3702401E3615C200F5E374 /* MatchSettingsTests.swift */; };
		8B37024D1E36162500F5E374 /* Match.swift in Sources */ = {isa = PBXBuildFile; fileRef = 8B37024C1E36162500F5E374 /* Match.swift */; };
		8B37024E1E36162500F5E374 /* Match.swift in Sources */ = {isa = PBXBuildFile; fileRef = 8B37024C1E36162500F5E374 /* Match.swift */; };
		8B3702501E36165A00F5E374 /* TeamClass.swift in Sources */ = {isa = PBXBuildFile; fileRef = 8B37024F1E36165A00F5E374 /* TeamClass.swift */; };
		8B3702511E36165A00F5E374 /* TeamClass.swift in Sources */ = {isa = PBXBuildFile; fileRef = 8B37024F1E36165A00F5E374 /* TeamClass.swift */; };
		8B3702531E3620C300F5E374 /* MatchSettings.swift in Sources */ = {isa = PBXBuildFile; fileRef = 8B3702521E3620C300F5E374 /* MatchSettings.swift */; };
		8B3702541E3620C300F5E374 /* MatchSettings.swift in Sources */ = {isa = PBXBuildFile; fileRef = 8B3702521E3620C300F5E374 /* MatchSettings.swift */; };
		8B3702571E3639DB00F5E374 /* TeamClassTests.swift in Sources */ = {isa = PBXBuildFile; fileRef = 8B3702561E3639DB00F5E374 /* TeamClassTests.swift */; };
		8B50AC211E363AC80094510C /* MatchClassTests.swift in Sources */ = {isa = PBXBuildFile; fileRef = 8B50AC201E363AC80094510C /* MatchClassTests.swift */; };
		8B50AC331E36D5790094510C /* about-bg.jpg in Resources */ = {isa = PBXBuildFile; fileRef = 8B50AC241E36D5780094510C /* about-bg.jpg */; };
		8B50AC341E36D5790094510C /* form-bg.jpg in Resources */ = {isa = PBXBuildFile; fileRef = 8B50AC251E36D5780094510C /* form-bg.jpg */; };
		8B50AC351E36D5790094510C /* game-bg.jpg in Resources */ = {isa = PBXBuildFile; fileRef = 8B50AC261E36D5780094510C /* game-bg.jpg */; };
		8B50AC361E36D5790094510C /* home-bg.jpg in Resources */ = {isa = PBXBuildFile; fileRef = 8B50AC271E36D5790094510C /* home-bg.jpg */; };
		8B50AC3E1E36D5790094510C /* logo.png in Resources */ = {isa = PBXBuildFile; fileRef = 8B50AC311E36D5790094510C /* logo.png */; };
		8B50AC3F1E36D5790094510C /* runsbox.png in Resources */ = {isa = PBXBuildFile; fileRef = 8B50AC321E36D5790094510C /* runsbox.png */; };
		8B8672B71E3C591900F5D40D /* Icon-60@2x.png in Resources */ = {isa = PBXBuildFile; fileRef = 8B8672B51E3C591900F5D40D /* Icon-60@2x.png */; };
		8B8672B81E3C591900F5D40D /* Icon-60@3x.png in Resources */ = {isa = PBXBuildFile; fileRef = 8B8672B61E3C591900F5D40D /* Icon-60@3x.png */; };
		8B8672C01E3C5A6000F5D40D /* about-ico.png in Resources */ = {isa = PBXBuildFile; fileRef = 8B8672B91E3C5A6000F5D40D /* about-ico.png */; };
		8B8672C11E3C5A6000F5D40D /* cross-ico.png in Resources */ = {isa = PBXBuildFile; fileRef = 8B8672BA1E3C5A6000F5D40D /* cross-ico.png */; };
		8B8672C21E3C5A6000F5D40D /* help-ico.png in Resources */ = {isa = PBXBuildFile; fileRef = 8B8672BB1E3C5A6000F5D40D /* help-ico.png */; };
		8B8672C31E3C5A6000F5D40D /* home-ico.png in Resources */ = {isa = PBXBuildFile; fileRef = 8B8672BC1E3C5A6000F5D40D /* home-ico.png */; };
		8B8672C41E3C5A6000F5D40D /* reset-ico.png in Resources */ = {isa = PBXBuildFile; fileRef = 8B8672BD1E3C5A6000F5D40D /* reset-ico.png */; };
		8B8672C51E3C5A6000F5D40D /* stats-ico.png in Resources */ = {isa = PBXBuildFile; fileRef = 8B8672BE1E3C5A6000F5D40D /* stats-ico.png */; };
		8B8672C61E3C5A6000F5D40D /* swap-ico.png in Resources */ = {isa = PBXBuildFile; fileRef = 8B8672BF1E3C5A6000F5D40D /* swap-ico.png */; };
/* End PBXBuildFile section */

/* Begin PBXContainerItemProxy section */
		8B37023D1E3615C200F5E374 /* PBXContainerItemProxy */ = {
			isa = PBXContainerItemProxy;
			containerPortal = 8B3702201E3615C100F5E374 /* Project object */;
			proxyType = 1;
			remoteGlobalIDString = 8B3702271E3615C200F5E374;
			remoteInfo = VolleyballScoreKeeper;
		};
/* End PBXContainerItemProxy section */

/* Begin PBXFileReference section */
		8B0BBC441E38DFF800EA8386 /* PreMatchController.swift */ = {isa = PBXFileReference; fileEncoding = 4; lastKnownFileType = sourcecode.swift; path = PreMatchController.swift; sourceTree = "<group>"; };
		8B0BBC461E38E04C00EA8386 /* AboutScreenController.swift */ = {isa = PBXFileReference; fileEncoding = 4; lastKnownFileType = sourcecode.swift; path = AboutScreenController.swift; sourceTree = "<group>"; };
		8B0BBC481E38E07800EA8386 /* LiveMatchController.swift */ = {isa = PBXFileReference; fileEncoding = 4; lastKnownFileType = sourcecode.swift; path = LiveMatchController.swift; sourceTree = "<group>"; };
		8B0BBC4A1E38E0A400EA8386 /* MatchStatisticsController.swift */ = {isa = PBXFileReference; fileEncoding = 4; lastKnownFileType = sourcecode.swift; path = MatchStatisticsController.swift; sourceTree = "<group>"; };
		8B0BBC4C1E38E0DA00EA8386 /* MatchHelpController.swift */ = {isa = PBXFileReference; fileEncoding = 4; lastKnownFileType = sourcecode.swift; path = MatchHelpController.swift; sourceTree = "<group>"; };
		8B3702281E3615C200F5E374 /* VolleyballScoreKeeper.app */ = {isa = PBXFileReference; explicitFileType = wrapper.application; includeInIndex = 0; path = VolleyballScoreKeeper.app; sourceTree = BUILT_PRODUCTS_DIR; };
		8B37022B1E3615C200F5E374 /* AppDelegate.swift */ = {isa = PBXFileReference; lastKnownFileType = sourcecode.swift; path = AppDelegate.swift; sourceTree = "<group>"; };
		8B37022D1E3615C200F5E374 /* HomeScreenController.swift */ = {isa = PBXFileReference; lastKnownFileType = sourcecode.swift; path = HomeScreenController.swift; sourceTree = "<group>"; };
		8B3702301E3615C200F5E374 /* Base */ = {isa = PBXFileReference; lastKnownFileType = file.storyboard; name = Base; path = Base.lproj/Main.storyboard; sourceTree = "<group>"; };
		8B3702321E3615C200F5E374 /* Assets.xcassets */ = {isa = PBXFileReference; lastKnownFileType = folder.assetcatalog; path = Assets.xcassets; sourceTree = "<group>"; };
		8B3702351E3615C200F5E374 /* Base */ = {isa = PBXFileReference; lastKnownFileType = file.storyboard; name = Base; path = Base.lproj/LaunchScreen.storyboard; sourceTree = "<group>"; };
		8B3702371E3615C200F5E374 /* Info.plist */ = {isa = PBXFileReference; lastKnownFileType = text.plist.xml; path = Info.plist; sourceTree = "<group>"; };
		8B37023C1E3615C200F5E374 /* VolleyballScoreKeeperTests.xctest */ = {isa = PBXFileReference; explicitFileType = wrapper.cfbundle; includeInIndex = 0; path = VolleyballScoreKeeperTests.xctest; sourceTree = BUILT_PRODUCTS_DIR; };
		8B3702401E3615C200F5E374 /* MatchSettingsTests.swift */ = {isa = PBXFileReference; lastKnownFileType = sourcecode.swift; path = MatchSettingsTests.swift; sourceTree = "<group>"; };
		8B3702421E3615C200F5E374 /* Info.plist */ = {isa = PBXFileReference; lastKnownFileType = text.plist.xml; path = Info.plist; sourceTree = "<group>"; };
		8B37024C1E36162500F5E374 /* Match.swift */ = {isa = PBXFileReference; fileEncoding = 4; lastKnownFileType = sourcecode.swift; path = Match.swift; sourceTree = "<group>"; };
		8B37024F1E36165A00F5E374 /* TeamClass.swift */ = {isa = PBXFileReference; fileEncoding = 4; lastKnownFileType = sourcecode.swift; path = TeamClass.swift; sourceTree = "<group>"; };
		8B3702521E3620C300F5E374 /* MatchSettings.swift */ = {isa = PBXFileReference; fileEncoding = 4; lastKnownFileType = sourcecode.swift; path = MatchSettings.swift; sourceTree = "<group>"; };
		8B3702561E3639DB00F5E374 /* TeamClassTests.swift */ = {isa = PBXFileReference; fileEncoding = 4; lastKnownFileType = sourcecode.swift; path = TeamClassTests.swift; sourceTree = "<group>"; };
		8B50AC201E363AC80094510C /* MatchClassTests.swift */ = {isa = PBXFileReference; fileEncoding = 4; lastKnownFileType = sourcecode.swift; path = MatchClassTests.swift; sourceTree = "<group>"; };
		8B50AC241E36D5780094510C /* about-bg.jpg */ = {isa = PBXFileReference; lastKnownFileType = image.jpeg; path = "about-bg.jpg"; sourceTree = "<group>"; };
		8B50AC251E36D5780094510C /* form-bg.jpg */ = {isa = PBXFileReference; lastKnownFileType = image.jpeg; path = "form-bg.jpg"; sourceTree = "<group>"; };
		8B50AC261E36D5780094510C /* game-bg.jpg */ = {isa = PBXFileReference; lastKnownFileType = image.jpeg; path = "game-bg.jpg"; sourceTree = "<group>"; };
		8B50AC271E36D5790094510C /* home-bg.jpg */ = {isa = PBXFileReference; lastKnownFileType = image.jpeg; path = "home-bg.jpg"; sourceTree = "<group>"; };
		8B50AC311E36D5790094510C /* logo.png */ = {isa = PBXFileReference; lastKnownFileType = image.png; path = logo.png; sourceTree = "<group>"; };
		8B50AC321E36D5790094510C /* runsbox.png */ = {isa = PBXFileReference; lastKnownFileType = image.png; path = runsbox.png; sourceTree = "<group>"; };
		8B8672B51E3C591900F5D40D /* Icon-60@2x.png */ = {isa = PBXFileReference; lastKnownFileType = image.png; name = "Icon-60@2x.png"; path = "appicon/Icon-60@2x.png"; sourceTree = "<group>"; };
		8B8672B61E3C591900F5D40D /* Icon-60@3x.png */ = {isa = PBXFileReference; lastKnownFileType = image.png; name = "Icon-60@3x.png"; path = "appicon/Icon-60@3x.png"; sourceTree = "<group>"; };
		8B8672B91E3C5A6000F5D40D /* about-ico.png */ = {isa = PBXFileReference; lastKnownFileType = image.png; path = "about-ico.png"; sourceTree = "<group>"; };
		8B8672BA1E3C5A6000F5D40D /* cross-ico.png */ = {isa = PBXFileReference; lastKnownFileType = image.png; path = "cross-ico.png"; sourceTree = "<group>"; };
		8B8672BB1E3C5A6000F5D40D /* help-ico.png */ = {isa = PBXFileReference; lastKnownFileType = image.png; path = "help-ico.png"; sourceTree = "<group>"; };
		8B8672BC1E3C5A6000F5D40D /* home-ico.png */ = {isa = PBXFileReference; lastKnownFileType = image.png; path = "home-ico.png"; sourceTree = "<group>"; };
		8B8672BD1E3C5A6000F5D40D /* reset-ico.png */ = {isa = PBXFileReference; lastKnownFileType = image.png; path = "reset-ico.png"; sourceTree = "<group>"; };
		8B8672BE1E3C5A6000F5D40D /* stats-ico.png */ = {isa = PBXFileReference; lastKnownFileType = image.png; path = "stats-ico.png"; sourceTree = "<group>"; };
		8B8672BF1E3C5A6000F5D40D /* swap-ico.png */ = {isa = PBXFileReference; lastKnownFileType = image.png; path = "swap-ico.png"; sourceTree = "<group>"; };
/* End PBXFileReference section */

/* Begin PBXFrameworksBuildPhase section */
		8B3702251E3615C200F5E374 /* Frameworks */ = {
			isa = PBXFrameworksBuildPhase;
			buildActionMask = 2147483647;
			files = (
			);
			runOnlyForDeploymentPostprocessing = 0;
		};
		8B3702391E3615C200F5E374 /* Frameworks */ = {
			isa = PBXFrameworksBuildPhase;
			buildActionMask = 2147483647;
			files = (
			);
			runOnlyForDeploymentPostprocessing = 0;
		};
/* End PBXFrameworksBuildPhase section */

/* Begin PBXGroup section */
		8B37021F1E3615C100F5E374 = {
			isa = PBXGroup;
			children = (
				8B37022A1E3615C200F5E374 /* VolleyballScoreKeeper */,
				8B37023F1E3615C200F5E374 /* VolleyballScoreKeeperTests */,
				8B3702291E3615C200F5E374 /* Products */,
			);
			sourceTree = "<group>";
		};
		8B3702291E3615C200F5E374 /* Products */ = {
			isa = PBXGroup;
			children = (
				8B3702281E3615C200F5E374 /* VolleyballScoreKeeper.app */,
				8B37023C1E3615C200F5E374 /* VolleyballScoreKeeperTests.xctest */,
			);
			name = Products;
			sourceTree = "<group>";
		};
		8B37022A1E3615C200F5E374 /* VolleyballScoreKeeper */ = {
			isa = PBXGroup;
			children = (
				8B50AC221E36D5780094510C /* resources */,
				8B37024B1E36160A00F5E374 /* Data */,
				8B37022D1E3615C200F5E374 /* HomeScreenController.swift */,
				8B0BBC441E38DFF800EA8386 /* PreMatchController.swift */,
				8B0BBC461E38E04C00EA8386 /* AboutScreenController.swift */,
				8B0BBC481E38E07800EA8386 /* LiveMatchController.swift */,
				8B0BBC4A1E38E0A400EA8386 /* MatchStatisticsController.swift */,
				8B0BBC4C1E38E0DA00EA8386 /* MatchHelpController.swift */,
				8B37022F1E3615C200F5E374 /* Main.storyboard */,
				8B3702341E3615C200F5E374 /* LaunchScreen.storyboard */,
				8B3702321E3615C200F5E374 /* Assets.xcassets */,
				8B3702371E3615C200F5E374 /* Info.plist */,
				8B37022B1E3615C200F5E374 /* AppDelegate.swift */,
			);
			path = VolleyballScoreKeeper;
			sourceTree = "<group>";
		};
		8B37023F1E3615C200F5E374 /* VolleyballScoreKeeperTests */ = {
			isa = PBXGroup;
			children = (
				8B3702401E3615C200F5E374 /* MatchSettingsTests.swift */,
				8B3702561E3639DB00F5E374 /* TeamClassTests.swift */,
				8B50AC201E363AC80094510C /* MatchClassTests.swift */,
				8B3702421E3615C200F5E374 /* Info.plist */,
			);
			path = VolleyballScoreKeeperTests;
			sourceTree = "<group>";
		};
		8B37024B1E36160A00F5E374 /* Data */ = {
			isa = PBXGroup;
			children = (
				8B37024C1E36162500F5E374 /* Match.swift */,
				8B37024F1E36165A00F5E374 /* TeamClass.swift */,
				8B3702521E3620C300F5E374 /* MatchSettings.swift */,
			);
			name = Data;
			sourceTree = "<group>";
		};
		8B50AC221E36D5780094510C /* resources */ = {
			isa = PBXGroup;
			children = (
				8B50AC231E36D5780094510C /* backgrounds */,
				8B50AC281E36D5790094510C /* icons */,
				8B50AC301E36D5790094510C /* other */,
			);
			path = resources;
			sourceTree = "<group>";
		};
		8B50AC231E36D5780094510C /* backgrounds */ = {
			isa = PBXGroup;
			children = (
				8B50AC241E36D5780094510C /* about-bg.jpg */,
				8B50AC251E36D5780094510C /* form-bg.jpg */,
				8B50AC261E36D5780094510C /* game-bg.jpg */,
				8B50AC271E36D5790094510C /* home-bg.jpg */,
			);
			path = backgrounds;
			sourceTree = "<group>";
		};
		8B50AC281E36D5790094510C /* icons */ = {
			isa = PBXGroup;
			children = (
				8B8672B91E3C5A6000F5D40D /* about-ico.png */,
				8B8672BA1E3C5A6000F5D40D /* cross-ico.png */,
				8B8672BB1E3C5A6000F5D40D /* help-ico.png */,
				8B8672BC1E3C5A6000F5D40D /* home-ico.png */,
				8B8672BD1E3C5A6000F5D40D /* reset-ico.png */,
				8B8672BE1E3C5A6000F5D40D /* stats-ico.png */,
				8B8672BF1E3C5A6000F5D40D /* swap-ico.png */,
				8B8672841E3C559B00F5D40D /* appicons */,
			);
			path = icons;
			sourceTree = "<group>";
		};
		8B50AC301E36D5790094510C /* other */ = {
			isa = PBXGroup;
			children = (
				8B50AC311E36D5790094510C /* logo.png */,
				8B50AC321E36D5790094510C /* runsbox.png */,
			);
			path = other;
			sourceTree = "<group>";
		};
		8B8672841E3C559B00F5D40D /* appicons */ = {
			isa = PBXGroup;
			children = (
				8B8672B51E3C591900F5D40D /* Icon-60@2x.png */,
				8B8672B61E3C591900F5D40D /* Icon-60@3x.png */,
			);
			name = appicons;
			sourceTree = "<group>";
		};
/* End PBXGroup section */

/* Begin PBXNativeTarget section */
		8B3702271E3615C200F5E374 /* VolleyballScoreKeeper */ = {
			isa = PBXNativeTarget;
			buildConfigurationList = 8B3702451E3615C200F5E374 /* Build configuration list for PBXNativeTarget "VolleyballScoreKeeper" */;
			buildPhases = (
				8B3702241E3615C200F5E374 /* Sources */,
				8B3702251E3615C200F5E374 /* Frameworks */,
				8B3702261E3615C200F5E374 /* Resources */,
			);
			buildRules = (
			);
			dependencies = (
			);
			name = VolleyballScoreKeeper;
			productName = VolleyballScoreKeeper;
			productReference = 8B3702281E3615C200F5E374 /* VolleyballScoreKeeper.app */;
			productType = "com.apple.product-type.application";
		};
		8B37023B1E3615C200F5E374 /* VolleyballScoreKeeperTests */ = {
			isa = PBXNativeTarget;
			buildConfigurationList = 8B3702481E3615C200F5E374 /* Build configuration list for PBXNativeTarget "VolleyballScoreKeeperTests" */;
			buildPhases = (
				8B3702381E3615C200F5E374 /* Sources */,
				8B3702391E3615C200F5E374 /* Frameworks */,
				8B37023A1E3615C200F5E374 /* Resources */,
			);
			buildRules = (
			);
			dependencies = (
				8B37023E1E3615C200F5E374 /* PBXTargetDependency */,
			);
			name = VolleyballScoreKeeperTests;
			productName = VolleyballScoreKeeperTests;
			productReference = 8B37023C1E3615C200F5E374 /* VolleyballScoreKeeperTests.xctest */;
			productType = "com.apple.product-type.bundle.unit-test";
		};
/* End PBXNativeTarget section */

/* Begin PBXProject section */
		8B3702201E3615C100F5E374 /* Project object */ = {
			isa = PBXProject;
			attributes = {
				LastSwiftUpdateCheck = 0820;
				LastUpgradeCheck = 0820;
				ORGANIZATIONNAME = "Xuanson On";
				TargetAttributes = {
					8B3702271E3615C200F5E374 = {
						CreatedOnToolsVersion = 8.2;
						DevelopmentTeam = KW9JAXM847;
						ProvisioningStyle = Automatic;
					};
					8B37023B1E3615C200F5E374 = {
						CreatedOnToolsVersion = 8.2;
						ProvisioningStyle = Automatic;
						TestTargetID = 8B3702271E3615C200F5E374;
					};
				};
			};
			buildConfigurationList = 8B3702231E3615C100F5E374 /* Build configuration list for PBXProject "VolleyballScoreKeeper" */;
			compatibilityVersion = "Xcode 3.2";
			developmentRegion = English;
			hasScannedForEncodings = 0;
			knownRegions = (
				en,
				Base,
			);
			mainGroup = 8B37021F1E3615C100F5E374;
			productRefGroup = 8B3702291E3615C200F5E374 /* Products */;
			projectDirPath = "";
			projectRoot = "";
			targets = (
				8B3702271E3615C200F5E374 /* VolleyballScoreKeeper */,
				8B37023B1E3615C200F5E374 /* VolleyballScoreKeeperTests */,
			);
		};
/* End PBXProject section */

/* Begin PBXResourcesBuildPhase section */
		8B3702261E3615C200F5E374 /* Resources */ = {
			isa = PBXResourcesBuildPhase;
			buildActionMask = 2147483647;
			files = (
				8B8672C11E3C5A6000F5D40D /* cross-ico.png in Resources */,
				8B50AC361E36D5790094510C /* home-bg.jpg in Resources */,
				8B8672C21E3C5A6000F5D40D /* help-ico.png in Resources */,
				8B8672B71E3C591900F5D40D /* Icon-60@2x.png in Resources */,
				8B50AC351E36D5790094510C /* game-bg.jpg in Resources */,
				8B8672C01E3C5A6000F5D40D /* about-ico.png in Resources */,
				8B8672C61E3C5A6000F5D40D /* swap-ico.png in Resources */,
				8B8672C31E3C5A6000F5D40D /* home-ico.png in Resources */,
				8B50AC331E36D5790094510C /* about-bg.jpg in Resources */,
				8B3702361E3615C200F5E374 /* LaunchScreen.storyboard in Resources */,
				8B3702331E3615C200F5E374 /* Assets.xcassets in Resources */,
				8B50AC3E1E36D5790094510C /* logo.png in Resources */,
				8B8672C51E3C5A6000F5D40D /* stats-ico.png in Resources */,
				8B8672C41E3C5A6000F5D40D /* reset-ico.png in Resources */,
				8B3702311E3615C200F5E374 /* Main.storyboard in Resources */,
				8B50AC341E36D5790094510C /* form-bg.jpg in Resources */,
				8B50AC3F1E36D5790094510C /* runsbox.png in Resources */,
				8B8672B81E3C591900F5D40D /* Icon-60@3x.png in Resources */,
			);
			runOnlyForDeploymentPostprocessing = 0;
		};
		8B37023A1E3615C200F5E374 /* Resources */ = {
			isa = PBXResourcesBuildPhase;
			buildActionMask = 2147483647;
			files = (
			);
			runOnlyForDeploymentPostprocessing = 0;
		};
/* End PBXResourcesBuildPhase section */

/* Begin PBXSourcesBuildPhase section */
		8B3702241E3615C200F5E374 /* Sources */ = {
			isa = PBXSourcesBuildPhase;
			buildActionMask = 2147483647;
			files = (
				8B0BBC4D1E38E0DA00EA8386 /* MatchHelpController.swift in Sources */,
				8B37022E1E3615C200F5E374 /* HomeScreenController.swift in Sources */,
				8B37022C1E3615C200F5E374 /* AppDelegate.swift in Sources */,
				8B0BBC471E38E04C00EA8386 /* AboutScreenController.swift in Sources */,
				8B0BBC4B1E38E0A500EA8386 /* MatchStatisticsController.swift in Sources */,
				8B37024D1E36162500F5E374 /* Match.swift in Sources */,
				8B3702501E36165A00F5E374 /* TeamClass.swift in Sources */,
				8B0BBC491E38E07800EA8386 /* LiveMatchController.swift in Sources */,
				8B3702531E3620C300F5E374 /* MatchSettings.swift in Sources */,
				8B0BBC451E38DFF800EA8386 /* PreMatchController.swift in Sources */,
			);
			runOnlyForDeploymentPostprocessing = 0;
		};
		8B3702381E3615C200F5E374 /* Sources */ = {
			isa = PBXSourcesBuildPhase;
			buildActionMask = 2147483647;
			files = (
				8B3702541E3620C300F5E374 /* MatchSettings.swift in Sources */,
				8B3702511E36165A00F5E374 /* TeamClass.swift in Sources */,
				8B3702411E3615C200F5E374 /* MatchSettingsTests.swift in Sources */,
				8B3702571E3639DB00F5E374 /* TeamClassTests.swift in Sources */,
				8B50AC211E363AC80094510C /* MatchClassTests.swift in Sources */,
				8B37024E1E36162500F5E374 /* Match.swift in Sources */,
			);
			runOnlyForDeploymentPostprocessing = 0;
		};
/* End PBXSourcesBuildPhase section */

/* Begin PBXTargetDependency section */
		8B37023E1E3615C200F5E374 /* PBXTargetDependency */ = {
			isa = PBXTargetDependency;
			target = 8B3702271E3615C200F5E374 /* VolleyballScoreKeeper */;
			targetProxy = 8B37023D1E3615C200F5E374 /* PBXContainerItemProxy */;
		};
/* End PBXTargetDependency section */

/* Begin PBXVariantGroup section */
		8B37022F1E3615C200F5E374 /* Main.storyboard */ = {
			isa = PBXVariantGroup;
			children = (
				8B3702301E3615C200F5E374 /* Base */,
			);
			name = Main.storyboard;
			sourceTree = "<group>";
		};
		8B3702341E3615C200F5E374 /* LaunchScreen.storyboard */ = {
			isa = PBXVariantGroup;
			children = (
				8B3702351E3615C200F5E374 /* Base */,
			);
			name = LaunchScreen.storyboard;
			sourceTree = "<group>";
		};
/* End PBXVariantGroup section */

/* Begin XCBuildConfiguration section */
		8B3702431E3615C200F5E374 /* Debug */ = {
			isa = XCBuildConfiguration;
			buildSettings = {
				ALWAYS_SEARCH_USER_PATHS = NO;
				CLANG_ANALYZER_NONNULL = YES;
				CLANG_CXX_LANGUAGE_STANDARD = "gnu++0x";
				CLANG_CXX_LIBRARY = "libc++";
				CLANG_ENABLE_MODULES = YES;
				CLANG_ENABLE_OBJC_ARC = YES;
				CLANG_WARN_BOOL_CONVERSION = YES;
				CLANG_WARN_CONSTANT_CONVERSION = YES;
				CLANG_WARN_DIRECT_OBJC_ISA_USAGE = YES_ERROR;
				CLANG_WARN_DOCUMENTATION_COMMENTS = YES;
				CLANG_WARN_EMPTY_BODY = YES;
				CLANG_WARN_ENUM_CONVERSION = YES;
				CLANG_WARN_INFINITE_RECURSION = YES;
				CLANG_WARN_INT_CONVERSION = YES;
				CLANG_WARN_OBJC_ROOT_CLASS = YES_ERROR;
				CLANG_WARN_SUSPICIOUS_MOVE = YES;
				CLANG_WARN_UNREACHABLE_CODE = YES;
				CLANG_WARN__DUPLICATE_METHOD_MATCH = YES;
				"CODE_SIGN_IDENTITY[sdk=iphoneos*]" = "iPhone Developer";
				COPY_PHASE_STRIP = NO;
				DEBUG_INFORMATION_FORMAT = dwarf;
				ENABLE_STRICT_OBJC_MSGSEND = YES;
				ENABLE_TESTABILITY = YES;
				GCC_C_LANGUAGE_STANDARD = gnu99;
				GCC_DYNAMIC_NO_PIC = NO;
				GCC_NO_COMMON_BLOCKS = YES;
				GCC_OPTIMIZATION_LEVEL = 0;
				GCC_PREPROCESSOR_DEFINITIONS = (
					"DEBUG=1",
					"$(inherited)",
				);
				GCC_WARN_64_TO_32_BIT_CONVERSION = YES;
				GCC_WARN_ABOUT_RETURN_TYPE = YES_ERROR;
				GCC_WARN_UNDECLARED_SELECTOR = YES;
				GCC_WARN_UNINITIALIZED_AUTOS = YES_AGGRESSIVE;
				GCC_WARN_UNUSED_FUNCTION = YES;
				GCC_WARN_UNUSED_VARIABLE = YES;
				IPHONEOS_DEPLOYMENT_TARGET = 10.2;
				MTL_ENABLE_DEBUG_INFO = YES;
				ONLY_ACTIVE_ARCH = YES;
				SDKROOT = iphoneos;
				SWIFT_ACTIVE_COMPILATION_CONDITIONS = DEBUG;
				SWIFT_OPTIMIZATION_LEVEL = "-Onone";
				TARGETED_DEVICE_FAMILY = "1,2";
			};
			name = Debug;
		};
		8B3702441E3615C200F5E374 /* Release */ = {
			isa = XCBuildConfiguration;
			buildSettings = {
				ALWAYS_SEARCH_USER_PATHS = NO;
				CLANG_ANALYZER_NONNULL = YES;
				CLANG_CXX_LANGUAGE_STANDARD = "gnu++0x";
				CLANG_CXX_LIBRARY = "libc++";
				CLANG_ENABLE_MODULES = YES;
				CLANG_ENABLE_OBJC_ARC = YES;
				CLANG_WARN_BOOL_CONVERSION = YES;
				CLANG_WARN_CONSTANT_CONVERSION = YES;
				CLANG_WARN_DIRECT_OBJC_ISA_USAGE = YES_ERROR;
				CLANG_WARN_DOCUMENTATION_COMMENTS = YES;
				CLANG_WARN_EMPTY_BODY = YES;
				CLANG_WARN_ENUM_CONVERSION = YES;
				CLANG_WARN_INFINITE_RECURSION = YES;
				CLANG_WARN_INT_CONVERSION = YES;
				CLANG_WARN_OBJC_ROOT_CLASS = YES_ERROR;
				CLANG_WARN_SUSPICIOUS_MOVE = YES;
				CLANG_WARN_UNREACHABLE_CODE = YES;
				CLANG_WARN__DUPLICATE_METHOD_MATCH = YES;
				"CODE_SIGN_IDENTITY[sdk=iphoneos*]" = "iPhone Developer";
				COPY_PHASE_STRIP = NO;
				DEBUG_INFORMATION_FORMAT = "dwarf-with-dsym";
				ENABLE_NS_ASSERTIONS = NO;
				ENABLE_STRICT_OBJC_MSGSEND = YES;
				GCC_C_LANGUAGE_STANDARD = gnu99;
				GCC_NO_COMMON_BLOCKS = YES;
				GCC_WARN_64_TO_32_BIT_CONVERSION = YES;
				GCC_WARN_ABOUT_RETURN_TYPE = YES_ERROR;
				GCC_WARN_UNDECLARED_SELECTOR = YES;
				GCC_WARN_UNINITIALIZED_AUTOS = YES_AGGRESSIVE;
				GCC_WARN_UNUSED_FUNCTION = YES;
				GCC_WARN_UNUSED_VARIABLE = YES;
				IPHONEOS_DEPLOYMENT_TARGET = 10.2;
				MTL_ENABLE_DEBUG_INFO = NO;
				SDKROOT = iphoneos;
				SWIFT_OPTIMIZATION_LEVEL = "-Owholemodule";
				TARGETED_DEVICE_FAMILY = "1,2";
				VALIDATE_PRODUCT = YES;
			};
			name = Release;
		};
		8B3702461E3615C200F5E374 /* Debug */ = {
			isa = XCBuildConfiguration;
			buildSettings = {
				ASSETCATALOG_COMPILER_APPICON_NAME = AppIcon;
				DEVELOPMENT_TEAM = KW9JAXM847;
				INFOPLIST_FILE = VolleyballScoreKeeper/Info.plist;
				IPHONEOS_DEPLOYMENT_TARGET = 9.0;
				LD_RUNPATH_SEARCH_PATHS = "$(inherited) @executable_path/Frameworks";
				PRODUCT_BUNDLE_IDENTIFIER = com.xuansonon.VolleyballScoreKeeper;
				PRODUCT_NAME = "$(TARGET_NAME)";
				SWIFT_VERSION = 3.0;
			};
			name = Debug;
		};
		8B3702471E3615C200F5E374 /* Release */ = {
			isa = XCBuildConfiguration;
			buildSettings = {
				ASSETCATALOG_COMPILER_APPICON_NAME = AppIcon;
				DEVELOPMENT_TEAM = KW9JAXM847;
				INFOPLIST_FILE = VolleyballScoreKeeper/Info.plist;
				IPHONEOS_DEPLOYMENT_TARGET = 9.0;
				LD_RUNPATH_SEARCH_PATHS = "$(inherited) @executable_path/Frameworks";
				PRODUCT_BUNDLE_IDENTIFIER = com.xuansonon.VolleyballScoreKeeper;
				PRODUCT_NAME = "$(TARGET_NAME)";
				SWIFT_VERSION = 3.0;
			};
			name = Release;
		};
		8B3702491E3615C200F5E374 /* Debug */ = {
			isa = XCBuildConfiguration;
			buildSettings = {
				ALWAYS_EMBED_SWIFT_STANDARD_LIBRARIES = YES;
				BUNDLE_LOADER = "$(TEST_HOST)";
				INFOPLIST_FILE = VolleyballScoreKeeperTests/Info.plist;
				LD_RUNPATH_SEARCH_PATHS = "$(inherited) @executable_path/Frameworks @loader_path/Frameworks";
				PRODUCT_BUNDLE_IDENTIFIER = com.xuansonon.VolleyballScoreKeeperTests;
				PRODUCT_NAME = "$(TARGET_NAME)";
				SWIFT_VERSION = 3.0;
				TEST_HOST = "$(BUILT_PRODUCTS_DIR)/VolleyballScoreKeeper.app/VolleyballScoreKeeper";
			};
			name = Debug;
		};
		8B37024A1E3615C200F5E374 /* Release */ = {
			isa = XCBuildConfiguration;
			buildSettings = {
				ALWAYS_EMBED_SWIFT_STANDARD_LIBRARIES = YES;
				BUNDLE_LOADER = "$(TEST_HOST)";
				INFOPLIST_FILE = VolleyballScoreKeeperTests/Info.plist;
				LD_RUNPATH_SEARCH_PATHS = "$(inherited) @executable_path/Frameworks @loader_path/Frameworks";
				PRODUCT_BUNDLE_IDENTIFIER = com.xuansonon.VolleyballScoreKeeperTests;
				PRODUCT_NAME = "$(TARGET_NAME)";
				SWIFT_VERSION = 3.0;
				TEST_HOST = "$(BUILT_PRODUCTS_DIR)/VolleyballScoreKeeper.app/VolleyballScoreKeeper";
			};
			name = Release;
		};
/* End XCBuildConfiguration section */

/* Begin XCConfigurationList section */
		8B3702231E3615C100F5E374 /* Build configuration list for PBXProject "VolleyballScoreKeeper" */ = {
			isa = XCConfigurationList;
			buildConfigurations = (
				8B3702431E3615C200F5E374 /* Debug */,
				8B3702441E3615C200F5E374 /* Release */,
			);
			defaultConfigurationIsVisible = 0;
			defaultConfigurationName = Release;
		};
		8B3702451E3615C200F5E374 /* Build configuration list for PBXNativeTarget "VolleyballScoreKeeper" */ = {
			isa = XCConfigurationList;
			buildConfigurations = (
				8B3702461E3615C200F5E374 /* Debug */,
				8B3702471E3615C200F5E374 /* Release */,
			);
			defaultConfigurationIsVisible = 0;
			defaultConfigurationName = Release;
		};
		8B3702481E3615C200F5E374 /* Build configuration list for PBXNativeTarget "VolleyballScoreKeeperTests" */ = {
			isa = XCConfigurationList;
			buildConfigurations = (
				8B3702491E3615C200F5E374 /* Debug */,
				8B37024A1E3615C200F5E374 /* Release */,
			);
			defaultConfigurationIsVisible = 0;
			defaultConfigurationName = Release;
		};
/* End XCConfigurationList section */
	};
	rootObject = 8B3702201E3615C100F5E374 /* Project object */;
}
