// !$*UTF8*$!
{
	archiveVersion = 1;
	classes = {
	};
	objectVersion = 46;
	objects = {

/* Begin PBXBuildFile section */
		8B058E421D48AF7E00ADFDF4 /* MatchClass.swift in Sources */ = {isa = PBXBuildFile; fileRef = 8B058E411D48AF7E00ADFDF4 /* MatchClass.swift */; };
		8B1AC87B1D58D11C0018D21A /* matchCollectionViewController.swift in Sources */ = {isa = PBXBuildFile; fileRef = 8B1AC87A1D58D11C0018D21A /* matchCollectionViewController.swift */; };
		8B864D621D33C75300CFC38E /* GameHelpView.swift in Sources */ = {isa = PBXBuildFile; fileRef = 8B864D611D33C75300CFC38E /* GameHelpView.swift */; };
		8B8C2D091D783A4000A6F477 /* TeamClass.swift in Sources */ = {isa = PBXBuildFile; fileRef = 8B8C2D081D783A4000A6F477 /* TeamClass.swift */; };
		8B8C2D0B1D783D8F00A6F477 /* SettingsClass.swift in Sources */ = {isa = PBXBuildFile; fileRef = 8B8C2D0A1D783D8F00A6F477 /* SettingsClass.swift */; };
		8B8C2D0C1D78631900A6F477 /* MatchClass.swift in Sources */ = {isa = PBXBuildFile; fileRef = 8B058E411D48AF7E00ADFDF4 /* MatchClass.swift */; };
		8B8C2D0D1D78631B00A6F477 /* TeamClass.swift in Sources */ = {isa = PBXBuildFile; fileRef = 8B8C2D081D783A4000A6F477 /* TeamClass.swift */; };
		8B8C2D0E1D78631E00A6F477 /* SettingsClass.swift in Sources */ = {isa = PBXBuildFile; fileRef = 8B8C2D0A1D783D8F00A6F477 /* SettingsClass.swift */; };
		8B9BDABA1D2E255E0082669C /* AppDelegate.swift in Sources */ = {isa = PBXBuildFile; fileRef = 8B9BDAB91D2E255E0082669C /* AppDelegate.swift */; };
		8B9BDABC1D2E255E0082669C /* HomeScreenView.swift in Sources */ = {isa = PBXBuildFile; fileRef = 8B9BDABB1D2E255E0082669C /* HomeScreenView.swift */; };
		8B9BDABF1D2E255E0082669C /* Main.storyboard in Resources */ = {isa = PBXBuildFile; fileRef = 8B9BDABD1D2E255E0082669C /* Main.storyboard */; };
		8B9BDAC11D2E255E0082669C /* Assets.xcassets in Resources */ = {isa = PBXBuildFile; fileRef = 8B9BDAC01D2E255E0082669C /* Assets.xcassets */; };
		8B9BDAC41D2E255E0082669C /* LaunchScreen.storyboard in Resources */ = {isa = PBXBuildFile; fileRef = 8B9BDAC21D2E255E0082669C /* LaunchScreen.storyboard */; };
		8B9BDACF1D2E255F0082669C /* VolleyballScoreKeeperTests.swift in Sources */ = {isa = PBXBuildFile; fileRef = 8B9BDACE1D2E255F0082669C /* VolleyballScoreKeeperTests.swift */; };
		8BC58ED71D33149700A0C657 /* CreditScreenView.swift in Sources */ = {isa = PBXBuildFile; fileRef = 8BC58ED61D33149700A0C657 /* CreditScreenView.swift */; };
		8BC58ED91D338A6100A0C657 /* GameDetailView.swift in Sources */ = {isa = PBXBuildFile; fileRef = 8BC58ED81D338A6100A0C657 /* GameDetailView.swift */; };
		8BC58EDB1D33A5CE00A0C657 /* LiveGameView.swift in Sources */ = {isa = PBXBuildFile; fileRef = 8BC58EDA1D33A5CE00A0C657 /* LiveGameView.swift */; };
		8BC58EDD1D33A7C100A0C657 /* ResultView.swift in Sources */ = {isa = PBXBuildFile; fileRef = 8BC58EDC1D33A7C100A0C657 /* ResultView.swift */; };
/* End PBXBuildFile section */

/* Begin PBXContainerItemProxy section */
		8B9BDACB1D2E255F0082669C /* PBXContainerItemProxy */ = {
			isa = PBXContainerItemProxy;
			containerPortal = 8B9BDAAE1D2E255E0082669C /* Project object */;
			proxyType = 1;
			remoteGlobalIDString = 8B9BDAB51D2E255E0082669C;
			remoteInfo = VolleyballScoreKeeper;
		};
/* End PBXContainerItemProxy section */

/* Begin PBXFileReference section */
		8B058E411D48AF7E00ADFDF4 /* MatchClass.swift */ = {isa = PBXFileReference; fileEncoding = 4; lastKnownFileType = sourcecode.swift; path = MatchClass.swift; sourceTree = "<group>"; };
		8B1AC87A1D58D11C0018D21A /* matchCollectionViewController.swift */ = {isa = PBXFileReference; fileEncoding = 4; lastKnownFileType = sourcecode.swift; path = matchCollectionViewController.swift; sourceTree = "<group>"; };
		8B864D611D33C75300CFC38E /* GameHelpView.swift */ = {isa = PBXFileReference; fileEncoding = 4; lastKnownFileType = sourcecode.swift; path = GameHelpView.swift; sourceTree = "<group>"; };
		8B8C2D081D783A4000A6F477 /* TeamClass.swift */ = {isa = PBXFileReference; fileEncoding = 4; lastKnownFileType = sourcecode.swift; path = TeamClass.swift; sourceTree = "<group>"; };
		8B8C2D0A1D783D8F00A6F477 /* SettingsClass.swift */ = {isa = PBXFileReference; fileEncoding = 4; lastKnownFileType = sourcecode.swift; path = SettingsClass.swift; sourceTree = "<group>"; };
		8B9BDAB61D2E255E0082669C /* VolleyballScoreKeeper.app */ = {isa = PBXFileReference; explicitFileType = wrapper.application; includeInIndex = 0; path = VolleyballScoreKeeper.app; sourceTree = BUILT_PRODUCTS_DIR; };
		8B9BDAB91D2E255E0082669C /* AppDelegate.swift */ = {isa = PBXFileReference; lastKnownFileType = sourcecode.swift; path = AppDelegate.swift; sourceTree = "<group>"; };
		8B9BDABB1D2E255E0082669C /* HomeScreenView.swift */ = {isa = PBXFileReference; lastKnownFileType = sourcecode.swift; path = HomeScreenView.swift; sourceTree = "<group>"; };
		8B9BDABE1D2E255E0082669C /* Base */ = {isa = PBXFileReference; lastKnownFileType = file.storyboard; name = Base; path = Base.lproj/Main.storyboard; sourceTree = "<group>"; };
		8B9BDAC01D2E255E0082669C /* Assets.xcassets */ = {isa = PBXFileReference; lastKnownFileType = folder.assetcatalog; path = Assets.xcassets; sourceTree = "<group>"; };
		8B9BDAC31D2E255E0082669C /* Base */ = {isa = PBXFileReference; lastKnownFileType = file.storyboard; name = Base; path = Base.lproj/LaunchScreen.storyboard; sourceTree = "<group>"; };
		8B9BDAC51D2E255E0082669C /* Info.plist */ = {isa = PBXFileReference; lastKnownFileType = text.plist.xml; path = Info.plist; sourceTree = "<group>"; };
		8B9BDACA1D2E255F0082669C /* VolleyballScoreKeeperTests.xctest */ = {isa = PBXFileReference; explicitFileType = wrapper.cfbundle; includeInIndex = 0; path = VolleyballScoreKeeperTests.xctest; sourceTree = BUILT_PRODUCTS_DIR; };
		8B9BDACE1D2E255F0082669C /* VolleyballScoreKeeperTests.swift */ = {isa = PBXFileReference; lastKnownFileType = sourcecode.swift; path = VolleyballScoreKeeperTests.swift; sourceTree = "<group>"; };
		8B9BDAD01D2E255F0082669C /* Info.plist */ = {isa = PBXFileReference; lastKnownFileType = text.plist.xml; path = Info.plist; sourceTree = "<group>"; };
		8BC58ED61D33149700A0C657 /* CreditScreenView.swift */ = {isa = PBXFileReference; fileEncoding = 4; lastKnownFileType = sourcecode.swift; path = CreditScreenView.swift; sourceTree = "<group>"; };
		8BC58ED81D338A6100A0C657 /* GameDetailView.swift */ = {isa = PBXFileReference; fileEncoding = 4; lastKnownFileType = sourcecode.swift; path = GameDetailView.swift; sourceTree = "<group>"; };
		8BC58EDA1D33A5CE00A0C657 /* LiveGameView.swift */ = {isa = PBXFileReference; fileEncoding = 4; lastKnownFileType = sourcecode.swift; path = LiveGameView.swift; sourceTree = "<group>"; };
		8BC58EDC1D33A7C100A0C657 /* ResultView.swift */ = {isa = PBXFileReference; fileEncoding = 4; lastKnownFileType = sourcecode.swift; path = ResultView.swift; sourceTree = "<group>"; };
/* End PBXFileReference section */

/* Begin PBXFrameworksBuildPhase section */
		8B9BDAB31D2E255E0082669C /* Frameworks */ = {
			isa = PBXFrameworksBuildPhase;
			buildActionMask = 2147483647;
			files = (
			);
			runOnlyForDeploymentPostprocessing = 0;
		};
		8B9BDAC71D2E255F0082669C /* Frameworks */ = {
			isa = PBXFrameworksBuildPhase;
			buildActionMask = 2147483647;
			files = (
			);
			runOnlyForDeploymentPostprocessing = 0;
		};
/* End PBXFrameworksBuildPhase section */

/* Begin PBXGroup section */
		8B058E401D48AF4C00ADFDF4 /* Model */ = {
			isa = PBXGroup;
			children = (
				8B058E411D48AF7E00ADFDF4 /* MatchClass.swift */,
				8B8C2D081D783A4000A6F477 /* TeamClass.swift */,
				8B8C2D0A1D783D8F00A6F477 /* SettingsClass.swift */,
			);
			name = Model;
			sourceTree = "<group>";
		};
		8B9BDAAD1D2E255E0082669C = {
			isa = PBXGroup;
			children = (
				8B9BDAB81D2E255E0082669C /* VolleyballScoreKeeper */,
				8B9BDACD1D2E255F0082669C /* VolleyballScoreKeeperTests */,
				8B9BDAB71D2E255E0082669C /* Products */,
			);
			sourceTree = "<group>";
		};
		8B9BDAB71D2E255E0082669C /* Products */ = {
			isa = PBXGroup;
			children = (
				8B9BDAB61D2E255E0082669C /* VolleyballScoreKeeper.app */,
				8B9BDACA1D2E255F0082669C /* VolleyballScoreKeeperTests.xctest */,
			);
			name = Products;
			sourceTree = "<group>";
		};
		8B9BDAB81D2E255E0082669C /* VolleyballScoreKeeper */ = {
			isa = PBXGroup;
			children = (
				8B058E401D48AF4C00ADFDF4 /* Model */,
				8B9BDAB91D2E255E0082669C /* AppDelegate.swift */,
				8B9BDABB1D2E255E0082669C /* HomeScreenView.swift */,
				8B9BDABD1D2E255E0082669C /* Main.storyboard */,
				8B1AC87A1D58D11C0018D21A /* matchCollectionViewController.swift */,
				8B9BDAC01D2E255E0082669C /* Assets.xcassets */,
				8B9BDAC21D2E255E0082669C /* LaunchScreen.storyboard */,
				8B9BDAC51D2E255E0082669C /* Info.plist */,
				8BC58ED61D33149700A0C657 /* CreditScreenView.swift */,
				8BC58ED81D338A6100A0C657 /* GameDetailView.swift */,
				8BC58EDA1D33A5CE00A0C657 /* LiveGameView.swift */,
				8BC58EDC1D33A7C100A0C657 /* ResultView.swift */,
				8B864D611D33C75300CFC38E /* GameHelpView.swift */,
			);
			path = VolleyballScoreKeeper;
			sourceTree = "<group>";
		};
		8B9BDACD1D2E255F0082669C /* VolleyballScoreKeeperTests */ = {
			isa = PBXGroup;
			children = (
				8B9BDACE1D2E255F0082669C /* VolleyballScoreKeeperTests.swift */,
				8B9BDAD01D2E255F0082669C /* Info.plist */,
			);
			path = VolleyballScoreKeeperTests;
			sourceTree = "<group>";
		};
/* End PBXGroup section */

/* Begin PBXNativeTarget section */
		8B9BDAB51D2E255E0082669C /* VolleyballScoreKeeper */ = {
			isa = PBXNativeTarget;
			buildConfigurationList = 8B9BDAD31D2E255F0082669C /* Build configuration list for PBXNativeTarget "VolleyballScoreKeeper" */;
			buildPhases = (
				8B9BDAB21D2E255E0082669C /* Sources */,
				8B9BDAB31D2E255E0082669C /* Frameworks */,
				8B9BDAB41D2E255E0082669C /* Resources */,
			);
			buildRules = (
			);
			dependencies = (
			);
			name = VolleyballScoreKeeper;
			productName = VolleyballScoreKeeper;
			productReference = 8B9BDAB61D2E255E0082669C /* VolleyballScoreKeeper.app */;
			productType = "com.apple.product-type.application";
		};
		8B9BDAC91D2E255F0082669C /* VolleyballScoreKeeperTests */ = {
			isa = PBXNativeTarget;
			buildConfigurationList = 8B9BDAD61D2E255F0082669C /* Build configuration list for PBXNativeTarget "VolleyballScoreKeeperTests" */;
			buildPhases = (
				8B9BDAC61D2E255F0082669C /* Sources */,
				8B9BDAC71D2E255F0082669C /* Frameworks */,
				8B9BDAC81D2E255F0082669C /* Resources */,
			);
			buildRules = (
			);
			dependencies = (
				8B9BDACC1D2E255F0082669C /* PBXTargetDependency */,
			);
			name = VolleyballScoreKeeperTests;
			productName = VolleyballScoreKeeperTests;
			productReference = 8B9BDACA1D2E255F0082669C /* VolleyballScoreKeeperTests.xctest */;
			productType = "com.apple.product-type.bundle.unit-test";
		};
/* End PBXNativeTarget section */

/* Begin PBXProject section */
		8B9BDAAE1D2E255E0082669C /* Project object */ = {
			isa = PBXProject;
			attributes = {
				LastSwiftUpdateCheck = 0730;
				LastUpgradeCheck = 0730;
				ORGANIZATIONNAME = "Xuanson On";
				TargetAttributes = {
					8B9BDAB51D2E255E0082669C = {
						CreatedOnToolsVersion = 7.3.1;
						DevelopmentTeam = KW9JAXM847;
						LastSwiftMigration = 0800;
					};
					8B9BDAC91D2E255F0082669C = {
						CreatedOnToolsVersion = 7.3.1;
						LastSwiftMigration = 0800;
						TestTargetID = 8B9BDAB51D2E255E0082669C;
					};
				};
			};
			buildConfigurationList = 8B9BDAB11D2E255E0082669C /* Build configuration list for PBXProject "VolleyballScoreKeeper" */;
			compatibilityVersion = "Xcode 3.2";
			developmentRegion = English;
			hasScannedForEncodings = 0;
			knownRegions = (
				en,
				Base,
			);
			mainGroup = 8B9BDAAD1D2E255E0082669C;
			productRefGroup = 8B9BDAB71D2E255E0082669C /* Products */;
			projectDirPath = "";
			projectRoot = "";
			targets = (
				8B9BDAB51D2E255E0082669C /* VolleyballScoreKeeper */,
				8B9BDAC91D2E255F0082669C /* VolleyballScoreKeeperTests */,
			);
		};
/* End PBXProject section */

/* Begin PBXResourcesBuildPhase section */
		8B9BDAB41D2E255E0082669C /* Resources */ = {
			isa = PBXResourcesBuildPhase;
			buildActionMask = 2147483647;
			files = (
				8B9BDAC41D2E255E0082669C /* LaunchScreen.storyboard in Resources */,
				8B9BDAC11D2E255E0082669C /* Assets.xcassets in Resources */,
				8B9BDABF1D2E255E0082669C /* Main.storyboard in Resources */,
			);
			runOnlyForDeploymentPostprocessing = 0;
		};
		8B9BDAC81D2E255F0082669C /* Resources */ = {
			isa = PBXResourcesBuildPhase;
			buildActionMask = 2147483647;
			files = (
			);
			runOnlyForDeploymentPostprocessing = 0;
		};
/* End PBXResourcesBuildPhase section */

/* Begin PBXSourcesBuildPhase section */
		8B9BDAB21D2E255E0082669C /* Sources */ = {
			isa = PBXSourcesBuildPhase;
			buildActionMask = 2147483647;
			files = (
				8B864D621D33C75300CFC38E /* GameHelpView.swift in Sources */,
				8BC58EDB1D33A5CE00A0C657 /* LiveGameView.swift in Sources */,
				8B9BDABC1D2E255E0082669C /* HomeScreenView.swift in Sources */,
				8B8C2D091D783A4000A6F477 /* TeamClass.swift in Sources */,
				8B9BDABA1D2E255E0082669C /* AppDelegate.swift in Sources */,
				8BC58ED71D33149700A0C657 /* CreditScreenView.swift in Sources */,
				8BC58ED91D338A6100A0C657 /* GameDetailView.swift in Sources */,
				8B058E421D48AF7E00ADFDF4 /* MatchClass.swift in Sources */,
				8BC58EDD1D33A7C100A0C657 /* ResultView.swift in Sources */,
				8B1AC87B1D58D11C0018D21A /* matchCollectionViewController.swift in Sources */,
				8B8C2D0B1D783D8F00A6F477 /* SettingsClass.swift in Sources */,
			);
			runOnlyForDeploymentPostprocessing = 0;
		};
		8B9BDAC61D2E255F0082669C /* Sources */ = {
			isa = PBXSourcesBuildPhase;
			buildActionMask = 2147483647;
			files = (
				8B8C2D0D1D78631B00A6F477 /* TeamClass.swift in Sources */,
				8B8C2D0E1D78631E00A6F477 /* SettingsClass.swift in Sources */,
				8B8C2D0C1D78631900A6F477 /* MatchClass.swift in Sources */,
				8B9BDACF1D2E255F0082669C /* VolleyballScoreKeeperTests.swift in Sources */,
			);
			runOnlyForDeploymentPostprocessing = 0;
		};
/* End PBXSourcesBuildPhase section */

/* Begin PBXTargetDependency section */
		8B9BDACC1D2E255F0082669C /* PBXTargetDependency */ = {
			isa = PBXTargetDependency;
			target = 8B9BDAB51D2E255E0082669C /* VolleyballScoreKeeper */;
			targetProxy = 8B9BDACB1D2E255F0082669C /* PBXContainerItemProxy */;
		};
/* End PBXTargetDependency section */

/* Begin PBXVariantGroup section */
		8B9BDABD1D2E255E0082669C /* Main.storyboard */ = {
			isa = PBXVariantGroup;
			children = (
				8B9BDABE1D2E255E0082669C /* Base */,
			);
			name = Main.storyboard;
			sourceTree = "<group>";
		};
		8B9BDAC21D2E255E0082669C /* LaunchScreen.storyboard */ = {
			isa = PBXVariantGroup;
			children = (
				8B9BDAC31D2E255E0082669C /* Base */,
			);
			name = LaunchScreen.storyboard;
			sourceTree = "<group>";
		};
/* End PBXVariantGroup section */

/* Begin XCBuildConfiguration section */
		8B9BDAD11D2E255F0082669C /* Debug */ = {
			isa = XCBuildConfiguration;
			buildSettings = {
				ALWAYS_SEARCH_USER_PATHS = NO;
				CLANG_ANALYZER_NONNULL = YES;
				CLANG_CXX_LANGUAGE_STANDARD = "gnu++0x";
				CLANG_CXX_LIBRARY = "libc++";
				CLANG_ENABLE_MODULES = YES;
				CLANG_ENABLE_OBJC_ARC = YES;
				CLANG_WARN_BOOL_CONVERSION = YES;
				CLANG_WARN_CONSTANT_CONVERSION = YES;
				CLANG_WARN_DIRECT_OBJC_ISA_USAGE = YES_ERROR;
				CLANG_WARN_EMPTY_BODY = YES;
				CLANG_WARN_ENUM_CONVERSION = YES;
				CLANG_WARN_INT_CONVERSION = YES;
				CLANG_WARN_OBJC_ROOT_CLASS = YES_ERROR;
				CLANG_WARN_UNREACHABLE_CODE = YES;
				CLANG_WARN__DUPLICATE_METHOD_MATCH = YES;
				"CODE_SIGN_IDENTITY[sdk=iphoneos*]" = "iPhone Developer";
				COPY_PHASE_STRIP = NO;
				DEBUG_INFORMATION_FORMAT = dwarf;
				ENABLE_STRICT_OBJC_MSGSEND = YES;
				ENABLE_TESTABILITY = YES;
				GCC_C_LANGUAGE_STANDARD = gnu99;
				GCC_DYNAMIC_NO_PIC = NO;
				GCC_NO_COMMON_BLOCKS = YES;
				GCC_OPTIMIZATION_LEVEL = 0;
				GCC_PREPROCESSOR_DEFINITIONS = (
					"DEBUG=1",
					"$(inherited)",
				);
				GCC_WARN_64_TO_32_BIT_CONVERSION = YES;
				GCC_WARN_ABOUT_RETURN_TYPE = YES_ERROR;
				GCC_WARN_UNDECLARED_SELECTOR = YES;
				GCC_WARN_UNINITIALIZED_AUTOS = YES_AGGRESSIVE;
				GCC_WARN_UNUSED_FUNCTION = YES;
				GCC_WARN_UNUSED_VARIABLE = YES;
				IPHONEOS_DEPLOYMENT_TARGET = 9.3;
				MTL_ENABLE_DEBUG_INFO = YES;
				ONLY_ACTIVE_ARCH = YES;
				SDKROOT = iphoneos;
				SWIFT_OPTIMIZATION_LEVEL = "-Onone";
				TARGETED_DEVICE_FAMILY = "1,2";
			};
			name = Debug;
		};
		8B9BDAD21D2E255F0082669C /* Release */ = {
			isa = XCBuildConfiguration;
			buildSettings = {
				ALWAYS_SEARCH_USER_PATHS = NO;
				CLANG_ANALYZER_NONNULL = YES;
				CLANG_CXX_LANGUAGE_STANDARD = "gnu++0x";
				CLANG_CXX_LIBRARY = "libc++";
				CLANG_ENABLE_MODULES = YES;
				CLANG_ENABLE_OBJC_ARC = YES;
				CLANG_WARN_BOOL_CONVERSION = YES;
				CLANG_WARN_CONSTANT_CONVERSION = YES;
				CLANG_WARN_DIRECT_OBJC_ISA_USAGE = YES_ERROR;
				CLANG_WARN_EMPTY_BODY = YES;
				CLANG_WARN_ENUM_CONVERSION = YES;
				CLANG_WARN_INT_CONVERSION = YES;
				CLANG_WARN_OBJC_ROOT_CLASS = YES_ERROR;
				CLANG_WARN_UNREACHABLE_CODE = YES;
				CLANG_WARN__DUPLICATE_METHOD_MATCH = YES;
				"CODE_SIGN_IDENTITY[sdk=iphoneos*]" = "iPhone Developer";
				COPY_PHASE_STRIP = NO;
				DEBUG_INFORMATION_FORMAT = "dwarf-with-dsym";
				ENABLE_NS_ASSERTIONS = NO;
				ENABLE_STRICT_OBJC_MSGSEND = YES;
				GCC_C_LANGUAGE_STANDARD = gnu99;
				GCC_NO_COMMON_BLOCKS = YES;
				GCC_WARN_64_TO_32_BIT_CONVERSION = YES;
				GCC_WARN_ABOUT_RETURN_TYPE = YES_ERROR;
				GCC_WARN_UNDECLARED_SELECTOR = YES;
				GCC_WARN_UNINITIALIZED_AUTOS = YES_AGGRESSIVE;
				GCC_WARN_UNUSED_FUNCTION = YES;
				GCC_WARN_UNUSED_VARIABLE = YES;
				IPHONEOS_DEPLOYMENT_TARGET = 9.3;
				MTL_ENABLE_DEBUG_INFO = NO;
				SDKROOT = iphoneos;
				TARGETED_DEVICE_FAMILY = "1,2";
				VALIDATE_PRODUCT = YES;
			};
			name = Release;
		};
		8B9BDAD41D2E255F0082669C /* Debug */ = {
			isa = XCBuildConfiguration;
			buildSettings = {
				ASSETCATALOG_COMPILER_APPICON_NAME = AppIcon;
				CODE_SIGN_IDENTITY = "iPhone Developer";
				"CODE_SIGN_IDENTITY[sdk=iphoneos*]" = "iPhone Developer";
				INFOPLIST_FILE = VolleyballScoreKeeper/Info.plist;
				IPHONEOS_DEPLOYMENT_TARGET = 8.0;
				LD_RUNPATH_SEARCH_PATHS = "$(inherited) @executable_path/Frameworks";
				PRODUCT_BUNDLE_IDENTIFIER = com.xuansonon.VolleyballScoreKeeper;
				PRODUCT_NAME = "$(TARGET_NAME)";
				PROVISIONING_PROFILE = "";
				SWIFT_VERSION = 3.0;
			};
			name = Debug;
		};
		8B9BDAD51D2E255F0082669C /* Release */ = {
			isa = XCBuildConfiguration;
			buildSettings = {
				ASSETCATALOG_COMPILER_APPICON_NAME = AppIcon;
				CODE_SIGN_IDENTITY = "iPhone Developer";
				"CODE_SIGN_IDENTITY[sdk=iphoneos*]" = "iPhone Developer";
				INFOPLIST_FILE = VolleyballScoreKeeper/Info.plist;
				IPHONEOS_DEPLOYMENT_TARGET = 8.0;
				LD_RUNPATH_SEARCH_PATHS = "$(inherited) @executable_path/Frameworks";
				PRODUCT_BUNDLE_IDENTIFIER = com.xuansonon.VolleyballScoreKeeper;
				PRODUCT_NAME = "$(TARGET_NAME)";
				PROVISIONING_PROFILE = "";
				SWIFT_VERSION = 3.0;
			};
			name = Release;
		};
		8B9BDAD71D2E255F0082669C /* Debug */ = {
			isa = XCBuildConfiguration;
			buildSettings = {
				BUNDLE_LOADER = "$(TEST_HOST)";
				INFOPLIST_FILE = VolleyballScoreKeeperTests/Info.plist;
				LD_RUNPATH_SEARCH_PATHS = "$(inherited) @executable_path/Frameworks @loader_path/Frameworks";
				PRODUCT_BUNDLE_IDENTIFIER = com.xuansonon.VolleyballScoreKeeperTests;
				PRODUCT_NAME = "$(TARGET_NAME)";
				SWIFT_VERSION = 3.0;
				TEST_HOST = "$(BUILT_PRODUCTS_DIR)/VolleyballScoreKeeper.app/VolleyballScoreKeeper";
			};
			name = Debug;
		};
		8B9BDAD81D2E255F0082669C /* Release */ = {
			isa = XCBuildConfiguration;
			buildSettings = {
				BUNDLE_LOADER = "$(TEST_HOST)";
				INFOPLIST_FILE = VolleyballScoreKeeperTests/Info.plist;
				LD_RUNPATH_SEARCH_PATHS = "$(inherited) @executable_path/Frameworks @loader_path/Frameworks";
				PRODUCT_BUNDLE_IDENTIFIER = com.xuansonon.VolleyballScoreKeeperTests;
				PRODUCT_NAME = "$(TARGET_NAME)";
				SWIFT_VERSION = 3.0;
				TEST_HOST = "$(BUILT_PRODUCTS_DIR)/VolleyballScoreKeeper.app/VolleyballScoreKeeper";
			};
			name = Release;
		};
/* End XCBuildConfiguration section */

/* Begin XCConfigurationList section */
		8B9BDAB11D2E255E0082669C /* Build configuration list for PBXProject "VolleyballScoreKeeper" */ = {
			isa = XCConfigurationList;
			buildConfigurations = (
				8B9BDAD11D2E255F0082669C /* Debug */,
				8B9BDAD21D2E255F0082669C /* Release */,
			);
			defaultConfigurationIsVisible = 0;
			defaultConfigurationName = Release;
		};
		8B9BDAD31D2E255F0082669C /* Build configuration list for PBXNativeTarget "VolleyballScoreKeeper" */ = {
			isa = XCConfigurationList;
			buildConfigurations = (
				8B9BDAD41D2E255F0082669C /* Debug */,
				8B9BDAD51D2E255F0082669C /* Release */,
			);
			defaultConfigurationIsVisible = 0;
			defaultConfigurationName = Release;
		};
		8B9BDAD61D2E255F0082669C /* Build configuration list for PBXNativeTarget "VolleyballScoreKeeperTests" */ = {
			isa = XCConfigurationList;
			buildConfigurations = (
				8B9BDAD71D2E255F0082669C /* Debug */,
				8B9BDAD81D2E255F0082669C /* Release */,
			);
			defaultConfigurationIsVisible = 0;
			defaultConfigurationName = Release;
		};
/* End XCConfigurationList section */
	};
	rootObject = 8B9BDAAE1D2E255E0082669C /* Project object */;
}
